
Microsoft Visual Studio Solution File, Format Version 12.00
# Visual Studio Version 17
VisualStudioVersion = 17.0.31912.275
MinimumVisualStudioVersion = 10.0.40219.1
Project("{9A19103F-16F7-4668-BE54-9A1E7A4F7556}") = "EM.GIS", "EM.GIS\EM.GIS.csproj", "{703DE3CD-F7B2-4032-88A7-F540974216B4}"
EndProject
Project("{9A19103F-16F7-4668-BE54-9A1E7A4F7556}") = "EM.GIS.Controls", "EM.GIS.Controls\EM.GIS.Controls.csproj", "{CB70A8D6-A911-4658-BDEC-6D11486587F5}"
EndProject
Project("{9A19103F-16F7-4668-BE54-9A1E7A4F7556}") = "EM.GIS.Data", "EM.GIS.Data\EM.GIS.Data.csproj", "{E5494D7C-1171-41CC-81B8-6DF2B6BE27C1}"
EndProject
Project("{9A19103F-16F7-4668-BE54-9A1E7A4F7556}") = "EM.GIS.Gdals", "EM.GIS.Gdals\EM.GIS.Gdals.csproj", "{46C640D3-6803-4453-B59B-01D2A74D2C0D}"
EndProject
Project("{9A19103F-16F7-4668-BE54-9A1E7A4F7556}") = "EM.GIS.Geometries", "EM.GIS.Geometries\EM.GIS.Geometries.csproj", "{81464A23-B358-4F99-97ED-3A2F8F391412}"
EndProject
Project("{9A19103F-16F7-4668-BE54-9A1E7A4F7556}") = "EM.GIS.Projection", "EM.GIS.Projection\EM.GIS.Projection.csproj", "{FAA1F842-FC3C-4759-A47A-F4C1FA25266F}"
EndProject
Project("{9A19103F-16F7-4668-BE54-9A1E7A4F7556}") = "EM.GIS.Serialization", "EM.GIS.Serialization\EM.GIS.Serialization.csproj", "{D3D2B8D4-3C13-4492-A13C-CA62B19638D4}"
EndProject
Project("{9A19103F-16F7-4668-BE54-9A1E7A4F7556}") = "EM.GIS.Symbology", "EM.GIS.Symbology\EM.GIS.Symbology.csproj", "{DCDD72F6-6682-4307-B7AD-4AE432CC5809}"
EndProject
Project("{9A19103F-16F7-4668-BE54-9A1E7A4F7556}") = "EM.GIS.GdalExtensions", "EM.GIS.GdalExtensions\EM.GIS.GdalExtensions.csproj", "{A6EADE1C-DEE1-4FFC-93C9-4D9F4EBA6921}"
EndProject
Project("{2150E333-8FDC-42A3-9474-1A3956D46DE8}") = "GIS", "GIS", "{5C42A67C-F5A7-463F-8379-ED6F12D7F904}"
EndProject
Project("{2150E333-8FDC-42A3-9474-1A3956D46DE8}") = "Desktop", "Desktop", "{0F90344F-1861-43C0-AA90-C8326402B50B}"
EndProject
Project("{9A19103F-16F7-4668-BE54-9A1E7A4F7556}") = "EM.GIS.Resources", "EM.GIS.Resources\EM.GIS.Resources.csproj", "{586FF4F4-0BA6-4D10-B2C4-30BA8B54257C}"
EndProject
Project("{9A19103F-16F7-4668-BE54-9A1E7A4F7556}") = "EM.GIS.WPFControls", "EM.GIS.WPFControls\EM.GIS.WPFControls.csproj", "{3F4AE744-D726-47DD-871B-0B6846F974A0}"
EndProject
Project("{2150E333-8FDC-42A3-9474-1A3956D46DE8}") = "Plugins", "Plugins", "{B23BCC37-301E-4614-AEDD-B4A8822F759E}"
EndProject
Project("{9A19103F-16F7-4668-BE54-9A1E7A4F7556}") = "EM.GIS.Plugins.WebMaps", "EM.GIS.Plugins.WebMaps\EM.GIS.Plugins.WebMaps.csproj", "{1DAAAB03-0B61-49CF-B497-DAA25284E33A}"
EndProject
Project("{9A19103F-16F7-4668-BE54-9A1E7A4F7556}") = "EM.WpfDemo", "EM.WpfDemo\EM.WpfDemo.csproj", "{42375CF1-DA6F-4206-91D8-0B7F01EFF16A}"
EndProject
Project("{2150E333-8FDC-42A3-9474-1A3956D46DE8}") = "IOC", "IOC", "{2BD43E0C-9C54-46F2-9870-C7C91305D8B1}"
EndProject
Project("{9A19103F-16F7-4668-BE54-9A1E7A4F7556}") = "EM.IOC", "..\..\EM.IOC\EM.IOC\EM.IOC.csproj", "{F2EA9D51-2B5D-4928-924A-5F6B49FB48DE}"
EndProject
Project("{9A19103F-16F7-4668-BE54-9A1E7A4F7556}") = "EM.IOC.DependencyInjection", "..\..\EM.IOC\EM.IOC.DependencyInjection\EM.IOC.DependencyInjection.csproj", "{5FC334E3-BCE9-4D9A-95FC-DB69C3C53D3F}"
EndProject
Global
	GlobalSection(SolutionConfigurationPlatforms) = preSolution
		Debug|Any CPU = Debug|Any CPU
		Release|Any CPU = Release|Any CPU
	EndGlobalSection
	GlobalSection(ProjectConfigurationPlatforms) = postSolution
		{703DE3CD-F7B2-4032-88A7-F540974216B4}.Debug|Any CPU.ActiveCfg = Debug|Any CPU
		{703DE3CD-F7B2-4032-88A7-F540974216B4}.Debug|Any CPU.Build.0 = Debug|Any CPU
		{703DE3CD-F7B2-4032-88A7-F540974216B4}.Release|Any CPU.ActiveCfg = Release|Any CPU
		{703DE3CD-F7B2-4032-88A7-F540974216B4}.Release|Any CPU.Build.0 = Release|Any CPU
		{CB70A8D6-A911-4658-BDEC-6D11486587F5}.Debug|Any CPU.ActiveCfg = Debug|Any CPU
		{CB70A8D6-A911-4658-BDEC-6D11486587F5}.Debug|Any CPU.Build.0 = Debug|Any CPU
		{CB70A8D6-A911-4658-BDEC-6D11486587F5}.Release|Any CPU.ActiveCfg = Release|Any CPU
		{CB70A8D6-A911-4658-BDEC-6D11486587F5}.Release|Any CPU.Build.0 = Release|Any CPU
		{E5494D7C-1171-41CC-81B8-6DF2B6BE27C1}.Debug|Any CPU.ActiveCfg = Debug|Any CPU
		{E5494D7C-1171-41CC-81B8-6DF2B6BE27C1}.Debug|Any CPU.Build.0 = Debug|Any CPU
		{E5494D7C-1171-41CC-81B8-6DF2B6BE27C1}.Release|Any CPU.ActiveCfg = Release|Any CPU
		{E5494D7C-1171-41CC-81B8-6DF2B6BE27C1}.Release|Any CPU.Build.0 = Release|Any CPU
		{46C640D3-6803-4453-B59B-01D2A74D2C0D}.Debug|Any CPU.ActiveCfg = Debug|Any CPU
		{46C640D3-6803-4453-B59B-01D2A74D2C0D}.Debug|Any CPU.Build.0 = Debug|Any CPU
		{46C640D3-6803-4453-B59B-01D2A74D2C0D}.Release|Any CPU.ActiveCfg = Release|Any CPU
		{46C640D3-6803-4453-B59B-01D2A74D2C0D}.Release|Any CPU.Build.0 = Release|Any CPU
		{81464A23-B358-4F99-97ED-3A2F8F391412}.Debug|Any CPU.ActiveCfg = Debug|Any CPU
		{81464A23-B358-4F99-97ED-3A2F8F391412}.Debug|Any CPU.Build.0 = Debug|Any CPU
		{81464A23-B358-4F99-97ED-3A2F8F391412}.Release|Any CPU.ActiveCfg = Release|Any CPU
		{81464A23-B358-4F99-97ED-3A2F8F391412}.Release|Any CPU.Build.0 = Release|Any CPU
		{FAA1F842-FC3C-4759-A47A-F4C1FA25266F}.Debug|Any CPU.ActiveCfg = Debug|Any CPU
		{FAA1F842-FC3C-4759-A47A-F4C1FA25266F}.Debug|Any CPU.Build.0 = Debug|Any CPU
		{FAA1F842-FC3C-4759-A47A-F4C1FA25266F}.Release|Any CPU.ActiveCfg = Release|Any CPU
		{FAA1F842-FC3C-4759-A47A-F4C1FA25266F}.Release|Any CPU.Build.0 = Release|Any CPU
		{D3D2B8D4-3C13-4492-A13C-CA62B19638D4}.Debug|Any CPU.ActiveCfg = Debug|Any CPU
		{D3D2B8D4-3C13-4492-A13C-CA62B19638D4}.Debug|Any CPU.Build.0 = Debug|Any CPU
		{D3D2B8D4-3C13-4492-A13C-CA62B19638D4}.Release|Any CPU.ActiveCfg = Release|Any CPU
		{D3D2B8D4-3C13-4492-A13C-CA62B19638D4}.Release|Any CPU.Build.0 = Release|Any CPU
		{DCDD72F6-6682-4307-B7AD-4AE432CC5809}.Debug|Any CPU.ActiveCfg = Debug|Any CPU
		{DCDD72F6-6682-4307-B7AD-4AE432CC5809}.Debug|Any CPU.Build.0 = Debug|Any CPU
		{DCDD72F6-6682-4307-B7AD-4AE432CC5809}.Release|Any CPU.ActiveCfg = Release|Any CPU
		{DCDD72F6-6682-4307-B7AD-4AE432CC5809}.Release|Any CPU.Build.0 = Release|Any CPU
		{A6EADE1C-DEE1-4FFC-93C9-4D9F4EBA6921}.Debug|Any CPU.ActiveCfg = Debug|Any CPU
		{A6EADE1C-DEE1-4FFC-93C9-4D9F4EBA6921}.Debug|Any CPU.Build.0 = Debug|Any CPU
		{A6EADE1C-DEE1-4FFC-93C9-4D9F4EBA6921}.Release|Any CPU.ActiveCfg = Release|Any CPU
		{A6EADE1C-DEE1-4FFC-93C9-4D9F4EBA6921}.Release|Any CPU.Build.0 = Release|Any CPU
		{586FF4F4-0BA6-4D10-B2C4-30BA8B54257C}.Debug|Any CPU.ActiveCfg = Debug|Any CPU
		{586FF4F4-0BA6-4D10-B2C4-30BA8B54257C}.Debug|Any CPU.Build.0 = Debug|Any CPU
		{586FF4F4-0BA6-4D10-B2C4-30BA8B54257C}.Release|Any CPU.ActiveCfg = Release|Any CPU
		{586FF4F4-0BA6-4D10-B2C4-30BA8B54257C}.Release|Any CPU.Build.0 = Release|Any CPU
		{3F4AE744-D726-47DD-871B-0B6846F974A0}.Debug|Any CPU.ActiveCfg = Debug|Any CPU
		{3F4AE744-D726-47DD-871B-0B6846F974A0}.Debug|Any CPU.Build.0 = Debug|Any CPU
		{3F4AE744-D726-47DD-871B-0B6846F974A0}.Release|Any CPU.ActiveCfg = Release|Any CPU
		{3F4AE744-D726-47DD-871B-0B6846F974A0}.Release|Any CPU.Build.0 = Release|Any CPU
		{1DAAAB03-0B61-49CF-B497-DAA25284E33A}.Debug|Any CPU.ActiveCfg = Debug|Any CPU
		{1DAAAB03-0B61-49CF-B497-DAA25284E33A}.Debug|Any CPU.Build.0 = Debug|Any CPU
		{1DAAAB03-0B61-49CF-B497-DAA25284E33A}.Release|Any CPU.ActiveCfg = Release|Any CPU
		{1DAAAB03-0B61-49CF-B497-DAA25284E33A}.Release|Any CPU.Build.0 = Release|Any CPU
		{42375CF1-DA6F-4206-91D8-0B7F01EFF16A}.Debug|Any CPU.ActiveCfg = Debug|Any CPU
		{42375CF1-DA6F-4206-91D8-0B7F01EFF16A}.Debug|Any CPU.Build.0 = Debug|Any CPU
		{42375CF1-DA6F-4206-91D8-0B7F01EFF16A}.Release|Any CPU.ActiveCfg = Release|Any CPU
		{42375CF1-DA6F-4206-91D8-0B7F01EFF16A}.Release|Any CPU.Build.0 = Release|Any CPU
		{F2EA9D51-2B5D-4928-924A-5F6B49FB48DE}.Debug|Any CPU.ActiveCfg = Debug|Any CPU
		{F2EA9D51-2B5D-4928-924A-5F6B49FB48DE}.Debug|Any CPU.Build.0 = Debug|Any CPU
		{F2EA9D51-2B5D-4928-924A-5F6B49FB48DE}.Release|Any CPU.ActiveCfg = Release|Any CPU
		{F2EA9D51-2B5D-4928-924A-5F6B49FB48DE}.Release|Any CPU.Build.0 = Release|Any CPU
		{5FC334E3-BCE9-4D9A-95FC-DB69C3C53D3F}.Debug|Any CPU.ActiveCfg = Debug|Any CPU
		{5FC334E3-BCE9-4D9A-95FC-DB69C3C53D3F}.Debug|Any CPU.Build.0 = Debug|Any CPU
		{5FC334E3-BCE9-4D9A-95FC-DB69C3C53D3F}.Release|Any CPU.ActiveCfg = Release|Any CPU
		{5FC334E3-BCE9-4D9A-95FC-DB69C3C53D3F}.Release|Any CPU.Build.0 = Release|Any CPU
	EndGlobalSection
	GlobalSection(SolutionProperties) = preSolution
		HideSolutionNode = FALSE
	EndGlobalSection
	GlobalSection(NestedProjects) = preSolution
		{703DE3CD-F7B2-4032-88A7-F540974216B4} = {5C42A67C-F5A7-463F-8379-ED6F12D7F904}
		{CB70A8D6-A911-4658-BDEC-6D11486587F5} = {5C42A67C-F5A7-463F-8379-ED6F12D7F904}
		{E5494D7C-1171-41CC-81B8-6DF2B6BE27C1} = {5C42A67C-F5A7-463F-8379-ED6F12D7F904}
		{46C640D3-6803-4453-B59B-01D2A74D2C0D} = {5C42A67C-F5A7-463F-8379-ED6F12D7F904}
		{81464A23-B358-4F99-97ED-3A2F8F391412} = {5C42A67C-F5A7-463F-8379-ED6F12D7F904}
		{FAA1F842-FC3C-4759-A47A-F4C1FA25266F} = {5C42A67C-F5A7-463F-8379-ED6F12D7F904}
		{D3D2B8D4-3C13-4492-A13C-CA62B19638D4} = {5C42A67C-F5A7-463F-8379-ED6F12D7F904}
		{DCDD72F6-6682-4307-B7AD-4AE432CC5809} = {5C42A67C-F5A7-463F-8379-ED6F12D7F904}
		{A6EADE1C-DEE1-4FFC-93C9-4D9F4EBA6921} = {5C42A67C-F5A7-463F-8379-ED6F12D7F904}
		{586FF4F4-0BA6-4D10-B2C4-30BA8B54257C} = {0F90344F-1861-43C0-AA90-C8326402B50B}
		{3F4AE744-D726-47DD-871B-0B6846F974A0} = {0F90344F-1861-43C0-AA90-C8326402B50B}
		{B23BCC37-301E-4614-AEDD-B4A8822F759E} = {0F90344F-1861-43C0-AA90-C8326402B50B}
		{1DAAAB03-0B61-49CF-B497-DAA25284E33A} = {B23BCC37-301E-4614-AEDD-B4A8822F759E}
		{42375CF1-DA6F-4206-91D8-0B7F01EFF16A} = {0F90344F-1861-43C0-AA90-C8326402B50B}
		{F2EA9D51-2B5D-4928-924A-5F6B49FB48DE} = {2BD43E0C-9C54-46F2-9870-C7C91305D8B1}
		{5FC334E3-BCE9-4D9A-95FC-DB69C3C53D3F} = {2BD43E0C-9C54-46F2-9870-C7C91305D8B1}
	EndGlobalSection
	GlobalSection(ExtensibilityGlobals) = postSolution
		SolutionGuid = {0C673807-3D8D-407D-92C7-69037FADDD64}
	EndGlobalSection
EndGlobal
